
Microsoft Visual Studio Solution File, Format Version 12.00
# Visual Studio Version 17
VisualStudioVersion = 17.13.35825.156
MinimumVisualStudioVersion = 10.0.40219.1
Project("{FAE04EC0-301F-11D3-BF4B-00C04F79EFBC}") = "TapMangoProject", "TapMangoProject.csproj", "{66507DB0-E4A5-DAB7-7BC4-2B010985E4D0}"
EndProject
Project("{FAE04EC0-301F-11D3-BF4B-00C04F79EFBC}") = "TapAmangoProject.Tests", "..\TapAmangoProject.Tests\TapAmangoProject.Tests.csproj", "{AE8DF5C9-6AFF-428C-AD65-7EBB076A326E}"
EndProject
Global
	GlobalSection(SolutionConfigurationPlatforms) = preSolution
		Debug|Any CPU = Debug|Any CPU
		Release|Any CPU = Release|Any CPU
	EndGlobalSection
	GlobalSection(ProjectConfigurationPlatforms) = postSolution
		{66507DB0-E4A5-DAB7-7BC4-2B010985E4D0}.Debug|Any CPU.ActiveCfg = Debug|Any CPU
		{66507DB0-E4A5-DAB7-7BC4-2B010985E4D0}.Debug|Any CPU.Build.0 = Debug|Any CPU
		{66507DB0-E4A5-DAB7-7BC4-2B010985E4D0}.Release|Any CPU.ActiveCfg = Release|Any CPU
		{66507DB0-E4A5-DAB7-7BC4-2B010985E4D0}.Release|Any CPU.Build.0 = Release|Any CPU
		{AE8DF5C9-6AFF-428C-AD65-7EBB076A326E}.Debug|Any CPU.ActiveCfg = Debug|Any CPU
		{AE8DF5C9-6AFF-428C-AD65-7EBB076A326E}.Debug|Any CPU.Build.0 = Debug|Any CPU
		{AE8DF5C9-6AFF-428C-AD65-7EBB076A326E}.Release|Any CPU.ActiveCfg = Release|Any CPU
		{AE8DF5C9-6AFF-428C-AD65-7EBB076A326E}.Release|Any CPU.Build.0 = Release|Any CPU
	EndGlobalSection
	GlobalSection(SolutionProperties) = preSolution
		HideSolutionNode = FALSE
	EndGlobalSection
	GlobalSection(ExtensibilityGlobals) = postSolution
		SolutionGuid = {39B4EE58-5971-4882-B92A-01CEE98E928D}
	EndGlobalSection
EndGlobal
